
Microsoft Visual Studio Solution File, Format Version 12.00
# Visual Studio Version 17
VisualStudioVersion = 17.11.35303.130
MinimumVisualStudioVersion = 10.0.40219.1
Project("{54A90642-561A-4BB1-A94E-469ADEE60C69}") = "tp03_allal_gwenole", "tp03_allal_gwenole.esproj", "{13584AFA-BDAF-4D0B-8BBC-2BF298119321}"
EndProject
Global
	GlobalSection(SolutionConfigurationPlatforms) = preSolution
		Debug|Any CPU = Debug|Any CPU
		Release|Any CPU = Release|Any CPU
	EndGlobalSection
	GlobalSection(ProjectConfigurationPlatforms) = postSolution
		{13584AFA-BDAF-4D0B-8BBC-2BF298119321}.Debug|Any CPU.ActiveCfg = Debug|Any CPU
		{13584AFA-BDAF-4D0B-8BBC-2BF298119321}.Debug|Any CPU.Build.0 = Debug|Any CPU
		{13584AFA-BDAF-4D0B-8BBC-2BF298119321}.Debug|Any CPU.Deploy.0 = Debug|Any CPU
		{13584AFA-BDAF-4D0B-8BBC-2BF298119321}.Release|Any CPU.ActiveCfg = Release|Any CPU
		{13584AFA-BDAF-4D0B-8BBC-2BF298119321}.Release|Any CPU.Build.0 = Release|Any CPU
		{13584AFA-BDAF-4D0B-8BBC-2BF298119321}.Release|Any CPU.Deploy.0 = Release|Any CPU
	EndGlobalSection
	GlobalSection(SolutionProperties) = preSolution
		HideSolutionNode = FALSE
	EndGlobalSection
	GlobalSection(ExtensibilityGlobals) = postSolution
		SolutionGuid = {C22EB5AB-0C56-486B-A70B-25B44B75A26C}
	EndGlobalSection
EndGlobal
